// !$*UTF8*$!
{
	archiveVersion = 1;
	classes = {
	};
	objectVersion = 77;
	objects = {

/* Begin PBXBuildFile section */
		522402472E8268C7008AA839 /* MLXArray+DebugPrint.swift in Sources */ = {isa = PBXBuildFile; fileRef = 522402462E8268C4008AA839 /* MLXArray+DebugPrint.swift */; };
		52256DFD2E8088C600FC01FD /* MultiHeadAttention.swift in Sources */ = {isa = PBXBuildFile; fileRef = 52256DFC2E8088C600FC01FD /* MultiHeadAttention.swift */; };
		52256DFF2E8088CC00FC01FD /* FeedForward.swift in Sources */ = {isa = PBXBuildFile; fileRef = 52256DFE2E8088CC00FC01FD /* FeedForward.swift */; };
		52256E012E8089E900FC01FD /* BARTEncoderLayer.swift in Sources */ = {isa = PBXBuildFile; fileRef = 52256E002E8089E900FC01FD /* BARTEncoderLayer.swift */; };
		52256E032E808A6B00FC01FD /* BARTDecoderLayer.swift in Sources */ = {isa = PBXBuildFile; fileRef = 52256E022E808A6B00FC01FD /* BARTDecoderLayer.swift */; };
		52256E052E808ADD00FC01FD /* BARTModel.swift in Sources */ = {isa = PBXBuildFile; fileRef = 52256E042E808ADD00FC01FD /* BARTModel.swift */; };
		52256E072E808C9800FC01FD /* BARTLayerNorm.swift in Sources */ = {isa = PBXBuildFile; fileRef = 52256E062E808C9400FC01FD /* BARTLayerNorm.swift */; };
		522648CA2E6C2416008519BC /* EnglishG2P.swift in Sources */ = {isa = PBXBuildFile; fileRef = 524BB47F2E489FE000132B5F /* EnglishG2P.swift */; };
		522648CB2E6C241C008519BC /* MToken.swift in Sources */ = {isa = PBXBuildFile; fileRef = 524BB4812E48A3E900132B5F /* MToken.swift */; };
		522648CC2E6C2421008519BC /* Lexicon.swift in Sources */ = {isa = PBXBuildFile; fileRef = 524BB4822E48AE2500132B5F /* Lexicon.swift */; };
		522648CD2E6C2426008519BC /* DataResourcesUtil.swift in Sources */ = {isa = PBXBuildFile; fileRef = 524BB4832E48AEE100132B5F /* DataResourcesUtil.swift */; };
		522648CE2E6C242B008519BC /* EnglishFallbackNetwork.swift in Sources */ = {isa = PBXBuildFile; fileRef = 522648C92E6C2193008519BC /* EnglishFallbackNetwork.swift */; };
		5236AA7B2E74A08000131097 /* Range+Contains.swift in Sources */ = {isa = PBXBuildFile; fileRef = 5236AA7A2E74A07C00131097 /* Range+Contains.swift */; };
		5236AA7D2E74A09500131097 /* TokenContext.swift in Sources */ = {isa = PBXBuildFile; fileRef = 5236AA7C2E74A09300131097 /* TokenContext.swift */; };
		5236AA802E74B3C900131097 /* PennTagUtil.swift in Sources */ = {isa = PBXBuildFile; fileRef = 5236AA7F2E74B3C800131097 /* PennTagUtil.swift */; };
		5236AA822E76A4DE00131097 /* EnglishNum2Word.swift in Sources */ = {isa = PBXBuildFile; fileRef = 5236AA812E76A4DA00131097 /* EnglishNum2Word.swift */; };
		524BB4892E48B09E00132B5F /* gb_gold.json in Resources */ = {isa = PBXBuildFile; fileRef = 524BB4852E48B07300132B5F /* gb_gold.json */; };
		524BB48A2E48B0A100132B5F /* gb_silver.json in Resources */ = {isa = PBXBuildFile; fileRef = 524BB4862E48B07300132B5F /* gb_silver.json */; };
		5265936B2E7E801200B5684A /* us_gold.json in Resources */ = {isa = PBXBuildFile; fileRef = 524BB4872E48B07300132B5F /* us_gold.json */; };
		5265936C2E7E801900B5684A /* us_silver.json in Resources */ = {isa = PBXBuildFile; fileRef = 524BB4882E48B07300132B5F /* us_silver.json */; };
		526594122E8033FF00B5684A /* BARTConfig.swift in Sources */ = {isa = PBXBuildFile; fileRef = 526594082E8033FF00B5684A /* BARTConfig.swift */; };
		526594162E80343B00B5684A /* MLX in Frameworks */ = {isa = PBXBuildFile; productRef = 526594152E80343B00B5684A /* MLX */; };
		526594182E80343B00B5684A /* MLXNN in Frameworks */ = {isa = PBXBuildFile; productRef = 526594172E80343B00B5684A /* MLXNN */; };
		5265941A2E80343B00B5684A /* MLXRandom in Frameworks */ = {isa = PBXBuildFile; productRef = 526594192E80343B00B5684A /* MLXRandom */; };
		5265941C2E80387200B5684A /* gb_bart_config.json in Resources */ = {isa = PBXBuildFile; fileRef = 5265941B2E80387200B5684A /* gb_bart_config.json */; };
		5265941E2E80388700B5684A /* us_bart_config.json in Resources */ = {isa = PBXBuildFile; fileRef = 5265941D2E80388700B5684A /* us_bart_config.json */; };
		526594202E803E2B00B5684A /* gb_bart.safetensors in Resources */ = {isa = PBXBuildFile; fileRef = 5265941F2E803E2B00B5684A /* gb_bart.safetensors */; };
		526594222E803E3700B5684A /* us_bart.safetensors in Resources */ = {isa = PBXBuildFile; fileRef = 526594212E803E3700B5684A /* us_bart.safetensors */; };
/* End PBXBuildFile section */

/* Begin PBXContainerItemProxy section */
		524BB4622E489FB300132B5F /* PBXContainerItemProxy */ = {
			isa = PBXContainerItemProxy;
			containerPortal = 524BB44C2E489FB200132B5F /* Project object */;
			proxyType = 1;
			remoteGlobalIDString = 524BB4532E489FB200132B5F;
			remoteInfo = MisakiSwiftTest;
		};
		524BB46C2E489FB300132B5F /* PBXContainerItemProxy */ = {
			isa = PBXContainerItemProxy;
			containerPortal = 524BB44C2E489FB200132B5F /* Project object */;
			proxyType = 1;
			remoteGlobalIDString = 524BB4532E489FB200132B5F;
			remoteInfo = MisakiSwiftTest;
		};
/* End PBXContainerItemProxy section */

/* Begin PBXFileReference section */
		522402462E8268C4008AA839 /* MLXArray+DebugPrint.swift */ = {isa = PBXFileReference; lastKnownFileType = sourcecode.swift; path = "MLXArray+DebugPrint.swift"; sourceTree = "<group>"; };
		52256DFC2E8088C600FC01FD /* MultiHeadAttention.swift */ = {isa = PBXFileReference; lastKnownFileType = sourcecode.swift; path = MultiHeadAttention.swift; sourceTree = "<group>"; };
		52256DFE2E8088CC00FC01FD /* FeedForward.swift */ = {isa = PBXFileReference; lastKnownFileType = sourcecode.swift; path = FeedForward.swift; sourceTree = "<group>"; };
		52256E002E8089E900FC01FD /* BARTEncoderLayer.swift */ = {isa = PBXFileReference; lastKnownFileType = sourcecode.swift; path = BARTEncoderLayer.swift; sourceTree = "<group>"; };
		52256E022E808A6B00FC01FD /* BARTDecoderLayer.swift */ = {isa = PBXFileReference; lastKnownFileType = sourcecode.swift; path = BARTDecoderLayer.swift; sourceTree = "<group>"; };
		52256E042E808ADD00FC01FD /* BARTModel.swift */ = {isa = PBXFileReference; lastKnownFileType = sourcecode.swift; path = BARTModel.swift; sourceTree = "<group>"; };
		52256E062E808C9400FC01FD /* BARTLayerNorm.swift */ = {isa = PBXFileReference; lastKnownFileType = sourcecode.swift; path = BARTLayerNorm.swift; sourceTree = "<group>"; };
		522648C92E6C2193008519BC /* EnglishFallbackNetwork.swift */ = {isa = PBXFileReference; lastKnownFileType = sourcecode.swift; path = EnglishFallbackNetwork.swift; sourceTree = "<group>"; };
		5236AA7A2E74A07C00131097 /* Range+Contains.swift */ = {isa = PBXFileReference; lastKnownFileType = sourcecode.swift; path = "Range+Contains.swift"; sourceTree = "<group>"; };
		5236AA7C2E74A09300131097 /* TokenContext.swift */ = {isa = PBXFileReference; lastKnownFileType = sourcecode.swift; path = TokenContext.swift; sourceTree = "<group>"; };
		5236AA7F2E74B3C800131097 /* PennTagUtil.swift */ = {isa = PBXFileReference; lastKnownFileType = sourcecode.swift; path = PennTagUtil.swift; sourceTree = "<group>"; };
		5236AA812E76A4DA00131097 /* EnglishNum2Word.swift */ = {isa = PBXFileReference; lastKnownFileType = sourcecode.swift; path = EnglishNum2Word.swift; sourceTree = "<group>"; };
		524BB4542E489FB200132B5F /* MisakiSwiftTest.app */ = {isa = PBXFileReference; explicitFileType = wrapper.application; includeInIndex = 0; path = MisakiSwiftTest.app; sourceTree = BUILT_PRODUCTS_DIR; };
		524BB4612E489FB300132B5F /* MisakiSwiftTestTests.xctest */ = {isa = PBXFileReference; explicitFileType = wrapper.cfbundle; includeInIndex = 0; path = MisakiSwiftTestTests.xctest; sourceTree = BUILT_PRODUCTS_DIR; };
		524BB46B2E489FB300132B5F /* MisakiSwiftTestUITests.xctest */ = {isa = PBXFileReference; explicitFileType = wrapper.cfbundle; includeInIndex = 0; path = MisakiSwiftTestUITests.xctest; sourceTree = BUILT_PRODUCTS_DIR; };
		524BB47F2E489FE000132B5F /* EnglishG2P.swift */ = {isa = PBXFileReference; lastKnownFileType = sourcecode.swift; path = EnglishG2P.swift; sourceTree = "<group>"; };
		524BB4812E48A3E900132B5F /* MToken.swift */ = {isa = PBXFileReference; lastKnownFileType = sourcecode.swift; path = MToken.swift; sourceTree = "<group>"; };
		524BB4822E48AE2500132B5F /* Lexicon.swift */ = {isa = PBXFileReference; lastKnownFileType = sourcecode.swift; path = Lexicon.swift; sourceTree = "<group>"; };
		524BB4832E48AEE100132B5F /* DataResourcesUtil.swift */ = {isa = PBXFileReference; lastKnownFileType = sourcecode.swift; path = DataResourcesUtil.swift; sourceTree = "<group>"; };
		524BB4852E48B07300132B5F /* gb_gold.json */ = {isa = PBXFileReference; lastKnownFileType = text.json; path = gb_gold.json; sourceTree = "<group>"; };
		524BB4862E48B07300132B5F /* gb_silver.json */ = {isa = PBXFileReference; lastKnownFileType = text.json; path = gb_silver.json; sourceTree = "<group>"; };
		524BB4872E48B07300132B5F /* us_gold.json */ = {isa = PBXFileReference; lastKnownFileType = text.json; path = us_gold.json; sourceTree = "<group>"; };
		524BB4882E48B07300132B5F /* us_silver.json */ = {isa = PBXFileReference; lastKnownFileType = text.json; path = us_silver.json; sourceTree = "<group>"; };
		526594082E8033FF00B5684A /* BARTConfig.swift */ = {isa = PBXFileReference; lastKnownFileType = sourcecode.swift; path = BARTConfig.swift; sourceTree = "<group>"; };
		5265941B2E80387200B5684A /* gb_bart_config.json */ = {isa = PBXFileReference; lastKnownFileType = text.json; path = gb_bart_config.json; sourceTree = "<group>"; };
		5265941D2E80388700B5684A /* us_bart_config.json */ = {isa = PBXFileReference; lastKnownFileType = text.json; path = us_bart_config.json; sourceTree = "<group>"; };
		5265941F2E803E2B00B5684A /* gb_bart.safetensors */ = {isa = PBXFileReference; lastKnownFileType = file; path = gb_bart.safetensors; sourceTree = "<group>"; };
		526594212E803E3700B5684A /* us_bart.safetensors */ = {isa = PBXFileReference; lastKnownFileType = file; path = us_bart.safetensors; sourceTree = "<group>"; };
/* End PBXFileReference section */

/* Begin PBXFileSystemSynchronizedRootGroup section */
		524BB4562E489FB200132B5F /* MisakiSwiftTest */ = {
			isa = PBXFileSystemSynchronizedRootGroup;
			path = MisakiSwiftTest;
			sourceTree = "<group>";
		};
		524BB4642E489FB300132B5F /* MisakiSwiftTestTests */ = {
			isa = PBXFileSystemSynchronizedRootGroup;
			path = MisakiSwiftTestTests;
			sourceTree = "<group>";
		};
		524BB46E2E489FB300132B5F /* MisakiSwiftTestUITests */ = {
			isa = PBXFileSystemSynchronizedRootGroup;
			path = MisakiSwiftTestUITests;
			sourceTree = "<group>";
		};
/* End PBXFileSystemSynchronizedRootGroup section */

/* Begin PBXFrameworksBuildPhase section */
		524BB4512E489FB200132B5F /* Frameworks */ = {
			isa = PBXFrameworksBuildPhase;
			buildActionMask = 2147483647;
			files = (
				526594182E80343B00B5684A /* MLXNN in Frameworks */,
				5265941A2E80343B00B5684A /* MLXRandom in Frameworks */,
				526594162E80343B00B5684A /* MLX in Frameworks */,
			);
			runOnlyForDeploymentPostprocessing = 0;
		};
		524BB45E2E489FB300132B5F /* Frameworks */ = {
			isa = PBXFrameworksBuildPhase;
			buildActionMask = 2147483647;
			files = (
			);
			runOnlyForDeploymentPostprocessing = 0;
		};
		524BB4682E489FB300132B5F /* Frameworks */ = {
			isa = PBXFrameworksBuildPhase;
			buildActionMask = 2147483647;
			files = (
			);
			runOnlyForDeploymentPostprocessing = 0;
		};
/* End PBXFrameworksBuildPhase section */

/* Begin PBXGroup section */
		522402482E82C0C2008AA839 /* Num2Word */ = {
			isa = PBXGroup;
			children = (
				5236AA812E76A4DA00131097 /* EnglishNum2Word.swift */,
			);
			path = Num2Word;
			sourceTree = "<group>";
		};
		522402492E82C0D5008AA839 /* Lexicon */ = {
			isa = PBXGroup;
			children = (
				524BB4832E48AEE100132B5F /* DataResourcesUtil.swift */,
				524BB4822E48AE2500132B5F /* Lexicon.swift */,
				5236AA7F2E74B3C800131097 /* PennTagUtil.swift */,
			);
			path = Lexicon;
			sourceTree = "<group>";
		};
		5224024A2E82C0EE008AA839 /* Extensions */ = {
			isa = PBXGroup;
			children = (
				522402462E8268C4008AA839 /* MLXArray+DebugPrint.swift */,
				5236AA7A2E74A07C00131097 /* Range+Contains.swift */,
			);
			path = Extensions;
			sourceTree = "<group>";
		};
		5224024B2E82C107008AA839 /* DataStructures */ = {
			isa = PBXGroup;
			children = (
				524BB4812E48A3E900132B5F /* MToken.swift */,
				5236AA7C2E74A09300131097 /* TokenContext.swift */,
			);
			path = DataStructures;
			sourceTree = "<group>";
		};
		524BB44B2E489FB200132B5F = {
			isa = PBXGroup;
			children = (
				524BB4842E48B04A00132B5F /* Resources */,
				524BB47E2E489FD600132B5F /* MisakiSwift */,
				524BB4562E489FB200132B5F /* MisakiSwiftTest */,
				524BB4642E489FB300132B5F /* MisakiSwiftTestTests */,
				524BB46E2E489FB300132B5F /* MisakiSwiftTestUITests */,
				524BB4552E489FB200132B5F /* Products */,
			);
			sourceTree = "<group>";
		};
		524BB4552E489FB200132B5F /* Products */ = {
			isa = PBXGroup;
			children = (
				524BB4542E489FB200132B5F /* MisakiSwiftTest.app */,
				524BB4612E489FB300132B5F /* MisakiSwiftTestTests.xctest */,
				524BB46B2E489FB300132B5F /* MisakiSwiftTestUITests.xctest */,
			);
			name = Products;
			sourceTree = "<group>";
		};
		524BB47E2E489FD600132B5F /* MisakiSwift */ = {
			isa = PBXGroup;
			children = (
				5224024A2E82C0EE008AA839 /* Extensions */,
				524BB4802E489FE700132B5F /* English */,
			);
			path = MisakiSwift;
			sourceTree = "<group>";
		};
		524BB4802E489FE700132B5F /* English */ = {
			isa = PBXGroup;
			children = (
				5224024B2E82C107008AA839 /* DataStructures */,
				522402492E82C0D5008AA839 /* Lexicon */,
				522402482E82C0C2008AA839 /* Num2Word */,
				526594072E8033EF00B5684A /* FallbackNetwork */,
				524BB47F2E489FE000132B5F /* EnglishG2P.swift */,
			);
			path = English;
			sourceTree = "<group>";
		};
		524BB4842E48B04A00132B5F /* Resources */ = {
			isa = PBXGroup;
			children = (
				524BB4852E48B07300132B5F /* gb_gold.json */,
				524BB4862E48B07300132B5F /* gb_silver.json */,
				524BB4872E48B07300132B5F /* us_gold.json */,
				524BB4882E48B07300132B5F /* us_silver.json */,
				5265941B2E80387200B5684A /* gb_bart_config.json */,
				5265941F2E803E2B00B5684A /* gb_bart.safetensors */,
				5265941D2E80388700B5684A /* us_bart_config.json */,
				526594212E803E3700B5684A /* us_bart.safetensors */,
			);
			path = Resources;
			sourceTree = "<group>";
		};
		526594072E8033EF00B5684A /* FallbackNetwork */ = {
			isa = PBXGroup;
			children = (
				52256E062E808C9400FC01FD /* BARTLayerNorm.swift */,
				526594082E8033FF00B5684A /* BARTConfig.swift */,
				52256E022E808A6B00FC01FD /* BARTDecoderLayer.swift */,
				52256E002E8089E900FC01FD /* BARTEncoderLayer.swift */,
				52256E042E808ADD00FC01FD /* BARTModel.swift */,
				52256DFE2E8088CC00FC01FD /* FeedForward.swift */,
				52256DFC2E8088C600FC01FD /* MultiHeadAttention.swift */,
				522648C92E6C2193008519BC /* EnglishFallbackNetwork.swift */,
			);
			path = FallbackNetwork;
			sourceTree = "<group>";
		};
/* End PBXGroup section */

/* Begin PBXNativeTarget section */
		524BB4532E489FB200132B5F /* MisakiSwiftTest */ = {
			isa = PBXNativeTarget;
			buildConfigurationList = 524BB4752E489FB300132B5F /* Build configuration list for PBXNativeTarget "MisakiSwiftTest" */;
			buildPhases = (
				524BB4502E489FB200132B5F /* Sources */,
				524BB4512E489FB200132B5F /* Frameworks */,
				524BB4522E489FB200132B5F /* Resources */,
			);
			buildRules = (
			);
			dependencies = (
			);
			fileSystemSynchronizedGroups = (
				524BB4562E489FB200132B5F /* MisakiSwiftTest */,
			);
			name = MisakiSwiftTest;
			packageProductDependencies = (
				526594152E80343B00B5684A /* MLX */,
				526594172E80343B00B5684A /* MLXNN */,
				526594192E80343B00B5684A /* MLXRandom */,
			);
			productName = MisakiSwiftTest;
			productReference = 524BB4542E489FB200132B5F /* MisakiSwiftTest.app */;
			productType = "com.apple.product-type.application";
		};
		524BB4602E489FB300132B5F /* MisakiSwiftTestTests */ = {
			isa = PBXNativeTarget;
			buildConfigurationList = 524BB4782E489FB300132B5F /* Build configuration list for PBXNativeTarget "MisakiSwiftTestTests" */;
			buildPhases = (
				524BB45D2E489FB300132B5F /* Sources */,
				524BB45E2E489FB300132B5F /* Frameworks */,
				524BB45F2E489FB300132B5F /* Resources */,
			);
			buildRules = (
			);
			dependencies = (
				524BB4632E489FB300132B5F /* PBXTargetDependency */,
			);
			fileSystemSynchronizedGroups = (
				524BB4642E489FB300132B5F /* MisakiSwiftTestTests */,
			);
			name = MisakiSwiftTestTests;
			packageProductDependencies = (
			);
			productName = MisakiSwiftTestTests;
			productReference = 524BB4612E489FB300132B5F /* MisakiSwiftTestTests.xctest */;
			productType = "com.apple.product-type.bundle.unit-test";
		};
		524BB46A2E489FB300132B5F /* MisakiSwiftTestUITests */ = {
			isa = PBXNativeTarget;
			buildConfigurationList = 524BB47B2E489FB300132B5F /* Build configuration list for PBXNativeTarget "MisakiSwiftTestUITests" */;
			buildPhases = (
				524BB4672E489FB300132B5F /* Sources */,
				524BB4682E489FB300132B5F /* Frameworks */,
				524BB4692E489FB300132B5F /* Resources */,
			);
			buildRules = (
			);
			dependencies = (
				524BB46D2E489FB300132B5F /* PBXTargetDependency */,
			);
			fileSystemSynchronizedGroups = (
				524BB46E2E489FB300132B5F /* MisakiSwiftTestUITests */,
			);
			name = MisakiSwiftTestUITests;
			packageProductDependencies = (
			);
			productName = MisakiSwiftTestUITests;
			productReference = 524BB46B2E489FB300132B5F /* MisakiSwiftTestUITests.xctest */;
			productType = "com.apple.product-type.bundle.ui-testing";
		};
/* End PBXNativeTarget section */

/* Begin PBXProject section */
		524BB44C2E489FB200132B5F /* Project object */ = {
			isa = PBXProject;
			attributes = {
				BuildIndependentTargetsInParallel = 1;
				LastSwiftUpdateCheck = 1640;
				LastUpgradeCheck = 1640;
				TargetAttributes = {
					524BB4532E489FB200132B5F = {
						CreatedOnToolsVersion = 16.4;
					};
					524BB4602E489FB300132B5F = {
						CreatedOnToolsVersion = 16.4;
						TestTargetID = 524BB4532E489FB200132B5F;
					};
					524BB46A2E489FB300132B5F = {
						CreatedOnToolsVersion = 16.4;
						TestTargetID = 524BB4532E489FB200132B5F;
					};
				};
			};
			buildConfigurationList = 524BB44F2E489FB200132B5F /* Build configuration list for PBXProject "MisakiSwiftTest" */;
			developmentRegion = en;
			hasScannedForEncodings = 0;
			knownRegions = (
				en,
				Base,
			);
			mainGroup = 524BB44B2E489FB200132B5F;
			minimizedProjectReferenceProxies = 1;
			packageReferences = (
				526594142E80343B00B5684A /* XCRemoteSwiftPackageReference "mlx-swift" */,
			);
			preferredProjectObjectVersion = 77;
			productRefGroup = 524BB4552E489FB200132B5F /* Products */;
			projectDirPath = "";
			projectRoot = "";
			targets = (
				524BB4532E489FB200132B5F /* MisakiSwiftTest */,
				524BB4602E489FB300132B5F /* MisakiSwiftTestTests */,
				524BB46A2E489FB300132B5F /* MisakiSwiftTestUITests */,
			);
		};
/* End PBXProject section */

/* Begin PBXResourcesBuildPhase section */
		524BB4522E489FB200132B5F /* Resources */ = {
			isa = PBXResourcesBuildPhase;
			buildActionMask = 2147483647;
			files = (
				5265941E2E80388700B5684A /* us_bart_config.json in Resources */,
				524BB4892E48B09E00132B5F /* gb_gold.json in Resources */,
				5265936C2E7E801900B5684A /* us_silver.json in Resources */,
				5265936B2E7E801200B5684A /* us_gold.json in Resources */,
				526594202E803E2B00B5684A /* gb_bart.safetensors in Resources */,
				524BB48A2E48B0A100132B5F /* gb_silver.json in Resources */,
				526594222E803E3700B5684A /* us_bart.safetensors in Resources */,
				5265941C2E80387200B5684A /* gb_bart_config.json in Resources */,
			);
			runOnlyForDeploymentPostprocessing = 0;
		};
		524BB45F2E489FB300132B5F /* Resources */ = {
			isa = PBXResourcesBuildPhase;
			buildActionMask = 2147483647;
			files = (
			);
			runOnlyForDeploymentPostprocessing = 0;
		};
		524BB4692E489FB300132B5F /* Resources */ = {
			isa = PBXResourcesBuildPhase;
			buildActionMask = 2147483647;
			files = (
			);
			runOnlyForDeploymentPostprocessing = 0;
		};
/* End PBXResourcesBuildPhase section */

/* Begin PBXSourcesBuildPhase section */
		524BB4502E489FB200132B5F /* Sources */ = {
			isa = PBXSourcesBuildPhase;
			buildActionMask = 2147483647;
			files = (
				52256E072E808C9800FC01FD /* BARTLayerNorm.swift in Sources */,
				522648CA2E6C2416008519BC /* EnglishG2P.swift in Sources */,
				526594122E8033FF00B5684A /* BARTConfig.swift in Sources */,
				522648CB2E6C241C008519BC /* MToken.swift in Sources */,
				52256E012E8089E900FC01FD /* BARTEncoderLayer.swift in Sources */,
				522402472E8268C7008AA839 /* MLXArray+DebugPrint.swift in Sources */,
				52256E052E808ADD00FC01FD /* BARTModel.swift in Sources */,
				522648CC2E6C2421008519BC /* Lexicon.swift in Sources */,
				522648CE2E6C242B008519BC /* EnglishFallbackNetwork.swift in Sources */,
				5236AA802E74B3C900131097 /* PennTagUtil.swift in Sources */,
				5236AA7D2E74A09500131097 /* TokenContext.swift in Sources */,
				5236AA7B2E74A08000131097 /* Range+Contains.swift in Sources */,
				522648CD2E6C2426008519BC /* DataResourcesUtil.swift in Sources */,
				52256DFF2E8088CC00FC01FD /* FeedForward.swift in Sources */,
				5236AA822E76A4DE00131097 /* EnglishNum2Word.swift in Sources */,
				52256E032E808A6B00FC01FD /* BARTDecoderLayer.swift in Sources */,
				52256DFD2E8088C600FC01FD /* MultiHeadAttention.swift in Sources */,
			);
			runOnlyForDeploymentPostprocessing = 0;
		};
		524BB45D2E489FB300132B5F /* Sources */ = {
			isa = PBXSourcesBuildPhase;
			buildActionMask = 2147483647;
			files = (
			);
			runOnlyForDeploymentPostprocessing = 0;
		};
		524BB4672E489FB300132B5F /* Sources */ = {
			isa = PBXSourcesBuildPhase;
			buildActionMask = 2147483647;
			files = (
			);
			runOnlyForDeploymentPostprocessing = 0;
		};
/* End PBXSourcesBuildPhase section */

/* Begin PBXTargetDependency section */
		524BB4632E489FB300132B5F /* PBXTargetDependency */ = {
			isa = PBXTargetDependency;
			target = 524BB4532E489FB200132B5F /* MisakiSwiftTest */;
			targetProxy = 524BB4622E489FB300132B5F /* PBXContainerItemProxy */;
		};
		524BB46D2E489FB300132B5F /* PBXTargetDependency */ = {
			isa = PBXTargetDependency;
			target = 524BB4532E489FB200132B5F /* MisakiSwiftTest */;
			targetProxy = 524BB46C2E489FB300132B5F /* PBXContainerItemProxy */;
		};
/* End PBXTargetDependency section */

/* Begin XCBuildConfiguration section */
		524BB4732E489FB300132B5F /* Debug */ = {
			isa = XCBuildConfiguration;
			buildSettings = {
				ALWAYS_SEARCH_USER_PATHS = NO;
				ASSETCATALOG_COMPILER_GENERATE_SWIFT_ASSET_SYMBOL_EXTENSIONS = YES;
				CLANG_ANALYZER_NONNULL = YES;
				CLANG_ANALYZER_NUMBER_OBJECT_CONVERSION = YES_AGGRESSIVE;
				CLANG_CXX_LANGUAGE_STANDARD = "gnu++20";
				CLANG_ENABLE_MODULES = YES;
				CLANG_ENABLE_OBJC_ARC = YES;
				CLANG_ENABLE_OBJC_WEAK = YES;
				CLANG_WARN_BLOCK_CAPTURE_AUTORELEASING = YES;
				CLANG_WARN_BOOL_CONVERSION = YES;
				CLANG_WARN_COMMA = YES;
				CLANG_WARN_CONSTANT_CONVERSION = YES;
				CLANG_WARN_DEPRECATED_OBJC_IMPLEMENTATIONS = YES;
				CLANG_WARN_DIRECT_OBJC_ISA_USAGE = YES_ERROR;
				CLANG_WARN_DOCUMENTATION_COMMENTS = YES;
				CLANG_WARN_EMPTY_BODY = YES;
				CLANG_WARN_ENUM_CONVERSION = YES;
				CLANG_WARN_INFINITE_RECURSION = YES;
				CLANG_WARN_INT_CONVERSION = YES;
				CLANG_WARN_NON_LITERAL_NULL_CONVERSION = YES;
				CLANG_WARN_OBJC_IMPLICIT_RETAIN_SELF = YES;
				CLANG_WARN_OBJC_LITERAL_CONVERSION = YES;
				CLANG_WARN_OBJC_ROOT_CLASS = YES_ERROR;
				CLANG_WARN_QUOTED_INCLUDE_IN_FRAMEWORK_HEADER = YES;
				CLANG_WARN_RANGE_LOOP_ANALYSIS = YES;
				CLANG_WARN_STRICT_PROTOTYPES = YES;
				CLANG_WARN_SUSPICIOUS_MOVE = YES;
				CLANG_WARN_UNGUARDED_AVAILABILITY = YES_AGGRESSIVE;
				CLANG_WARN_UNREACHABLE_CODE = YES;
				CLANG_WARN__DUPLICATE_METHOD_MATCH = YES;
				COPY_PHASE_STRIP = NO;
				DEBUG_INFORMATION_FORMAT = dwarf;
				DEVELOPMENT_TEAM = AJS2926A69;
				ENABLE_STRICT_OBJC_MSGSEND = YES;
				ENABLE_TESTABILITY = YES;
				ENABLE_USER_SCRIPT_SANDBOXING = YES;
				GCC_C_LANGUAGE_STANDARD = gnu17;
				GCC_DYNAMIC_NO_PIC = NO;
				GCC_NO_COMMON_BLOCKS = YES;
				GCC_OPTIMIZATION_LEVEL = 0;
				GCC_PREPROCESSOR_DEFINITIONS = (
					"DEBUG=1",
					"$(inherited)",
				);
				GCC_WARN_64_TO_32_BIT_CONVERSION = YES;
				GCC_WARN_ABOUT_RETURN_TYPE = YES_ERROR;
				GCC_WARN_UNDECLARED_SELECTOR = YES;
				GCC_WARN_UNINITIALIZED_AUTOS = YES_AGGRESSIVE;
				GCC_WARN_UNUSED_FUNCTION = YES;
				GCC_WARN_UNUSED_VARIABLE = YES;
				IPHONEOS_DEPLOYMENT_TARGET = 18.5;
				LOCALIZATION_PREFERS_STRING_CATALOGS = YES;
				MTL_ENABLE_DEBUG_INFO = INCLUDE_SOURCE;
				MTL_FAST_MATH = YES;
				ONLY_ACTIVE_ARCH = YES;
				SDKROOT = iphoneos;
				SWIFT_ACTIVE_COMPILATION_CONDITIONS = "DEBUG $(inherited)";
				SWIFT_OPTIMIZATION_LEVEL = "-Onone";
			};
			name = Debug;
		};
		524BB4742E489FB300132B5F /* Release */ = {
			isa = XCBuildConfiguration;
			buildSettings = {
				ALWAYS_SEARCH_USER_PATHS = NO;
				ASSETCATALOG_COMPILER_GENERATE_SWIFT_ASSET_SYMBOL_EXTENSIONS = YES;
				CLANG_ANALYZER_NONNULL = YES;
				CLANG_ANALYZER_NUMBER_OBJECT_CONVERSION = YES_AGGRESSIVE;
				CLANG_CXX_LANGUAGE_STANDARD = "gnu++20";
				CLANG_ENABLE_MODULES = YES;
				CLANG_ENABLE_OBJC_ARC = YES;
				CLANG_ENABLE_OBJC_WEAK = YES;
				CLANG_WARN_BLOCK_CAPTURE_AUTORELEASING = YES;
				CLANG_WARN_BOOL_CONVERSION = YES;
				CLANG_WARN_COMMA = YES;
				CLANG_WARN_CONSTANT_CONVERSION = YES;
				CLANG_WARN_DEPRECATED_OBJC_IMPLEMENTATIONS = YES;
				CLANG_WARN_DIRECT_OBJC_ISA_USAGE = YES_ERROR;
				CLANG_WARN_DOCUMENTATION_COMMENTS = YES;
				CLANG_WARN_EMPTY_BODY = YES;
				CLANG_WARN_ENUM_CONVERSION = YES;
				CLANG_WARN_INFINITE_RECURSION = YES;
				CLANG_WARN_INT_CONVERSION = YES;
				CLANG_WARN_NON_LITERAL_NULL_CONVERSION = YES;
				CLANG_WARN_OBJC_IMPLICIT_RETAIN_SELF = YES;
				CLANG_WARN_OBJC_LITERAL_CONVERSION = YES;
				CLANG_WARN_OBJC_ROOT_CLASS = YES_ERROR;
				CLANG_WARN_QUOTED_INCLUDE_IN_FRAMEWORK_HEADER = YES;
				CLANG_WARN_RANGE_LOOP_ANALYSIS = YES;
				CLANG_WARN_STRICT_PROTOTYPES = YES;
				CLANG_WARN_SUSPICIOUS_MOVE = YES;
				CLANG_WARN_UNGUARDED_AVAILABILITY = YES_AGGRESSIVE;
				CLANG_WARN_UNREACHABLE_CODE = YES;
				CLANG_WARN__DUPLICATE_METHOD_MATCH = YES;
				COPY_PHASE_STRIP = NO;
				DEBUG_INFORMATION_FORMAT = "dwarf-with-dsym";
				DEVELOPMENT_TEAM = AJS2926A69;
				ENABLE_NS_ASSERTIONS = NO;
				ENABLE_STRICT_OBJC_MSGSEND = YES;
				ENABLE_USER_SCRIPT_SANDBOXING = YES;
				GCC_C_LANGUAGE_STANDARD = gnu17;
				GCC_NO_COMMON_BLOCKS = YES;
				GCC_WARN_64_TO_32_BIT_CONVERSION = YES;
				GCC_WARN_ABOUT_RETURN_TYPE = YES_ERROR;
				GCC_WARN_UNDECLARED_SELECTOR = YES;
				GCC_WARN_UNINITIALIZED_AUTOS = YES_AGGRESSIVE;
				GCC_WARN_UNUSED_FUNCTION = YES;
				GCC_WARN_UNUSED_VARIABLE = YES;
				IPHONEOS_DEPLOYMENT_TARGET = 18.5;
				LOCALIZATION_PREFERS_STRING_CATALOGS = YES;
				MTL_ENABLE_DEBUG_INFO = NO;
				MTL_FAST_MATH = YES;
				SDKROOT = iphoneos;
				SWIFT_COMPILATION_MODE = wholemodule;
				VALIDATE_PRODUCT = YES;
			};
			name = Release;
		};
		524BB4762E489FB300132B5F /* Debug */ = {
			isa = XCBuildConfiguration;
			buildSettings = {
				ASSETCATALOG_COMPILER_APPICON_NAME = AppIcon;
				ASSETCATALOG_COMPILER_GLOBAL_ACCENT_COLOR_NAME = AccentColor;
				CODE_SIGN_STYLE = Automatic;
				CURRENT_PROJECT_VERSION = 1;
				DEVELOPMENT_TEAM = AJS2926A69;
				ENABLE_PREVIEWS = YES;
				GENERATE_INFOPLIST_FILE = YES;
				INFOPLIST_KEY_UIApplicationSceneManifest_Generation = YES;
				INFOPLIST_KEY_UIApplicationSupportsIndirectInputEvents = YES;
				INFOPLIST_KEY_UILaunchScreen_Generation = YES;
				INFOPLIST_KEY_UISupportedInterfaceOrientations_iPad = "UIInterfaceOrientationPortrait UIInterfaceOrientationPortraitUpsideDown UIInterfaceOrientationLandscapeLeft UIInterfaceOrientationLandscapeRight";
				INFOPLIST_KEY_UISupportedInterfaceOrientations_iPhone = "UIInterfaceOrientationPortrait UIInterfaceOrientationLandscapeLeft UIInterfaceOrientationLandscapeRight";
				LD_RUNPATH_SEARCH_PATHS = (
					"$(inherited)",
					"@executable_path/Frameworks",
				);
				MARKETING_VERSION = 1.0;
				PRODUCT_BUNDLE_IDENTIFIER = com.lm.MisakiSwiftTest;
				PRODUCT_NAME = "$(TARGET_NAME)";
				SWIFT_EMIT_LOC_STRINGS = YES;
				SWIFT_VERSION = 5.0;
				TARGETED_DEVICE_FAMILY = "1,2";
			};
			name = Debug;
		};
		524BB4772E489FB300132B5F /* Release */ = {
			isa = XCBuildConfiguration;
			buildSettings = {
				ASSETCATALOG_COMPILER_APPICON_NAME = AppIcon;
				ASSETCATALOG_COMPILER_GLOBAL_ACCENT_COLOR_NAME = AccentColor;
				CODE_SIGN_STYLE = Automatic;
				CURRENT_PROJECT_VERSION = 1;
				DEVELOPMENT_TEAM = AJS2926A69;
				ENABLE_PREVIEWS = YES;
				GENERATE_INFOPLIST_FILE = YES;
				INFOPLIST_KEY_UIApplicationSceneManifest_Generation = YES;
				INFOPLIST_KEY_UIApplicationSupportsIndirectInputEvents = YES;
				INFOPLIST_KEY_UILaunchScreen_Generation = YES;
				INFOPLIST_KEY_UISupportedInterfaceOrientations_iPad = "UIInterfaceOrientationPortrait UIInterfaceOrientationPortraitUpsideDown UIInterfaceOrientationLandscapeLeft UIInterfaceOrientationLandscapeRight";
				INFOPLIST_KEY_UISupportedInterfaceOrientations_iPhone = "UIInterfaceOrientationPortrait UIInterfaceOrientationLandscapeLeft UIInterfaceOrientationLandscapeRight";
				LD_RUNPATH_SEARCH_PATHS = (
					"$(inherited)",
					"@executable_path/Frameworks",
				);
				MARKETING_VERSION = 1.0;
				PRODUCT_BUNDLE_IDENTIFIER = com.lm.MisakiSwiftTest;
				PRODUCT_NAME = "$(TARGET_NAME)";
				SWIFT_EMIT_LOC_STRINGS = YES;
				SWIFT_VERSION = 5.0;
				TARGETED_DEVICE_FAMILY = "1,2";
			};
			name = Release;
		};
		524BB4792E489FB300132B5F /* Debug */ = {
			isa = XCBuildConfiguration;
			buildSettings = {
				BUNDLE_LOADER = "$(TEST_HOST)";
				CODE_SIGN_STYLE = Automatic;
				CURRENT_PROJECT_VERSION = 1;
				DEVELOPMENT_TEAM = AJS2926A69;
				GENERATE_INFOPLIST_FILE = YES;
				IPHONEOS_DEPLOYMENT_TARGET = 18.5;
				MARKETING_VERSION = 1.0;
				PRODUCT_BUNDLE_IDENTIFIER = com.lm.MisakiSwiftTestTests;
				PRODUCT_NAME = "$(TARGET_NAME)";
				SWIFT_EMIT_LOC_STRINGS = NO;
				SWIFT_VERSION = 5.0;
				TARGETED_DEVICE_FAMILY = "1,2";
				TEST_HOST = "$(BUILT_PRODUCTS_DIR)/MisakiSwiftTest.app/$(BUNDLE_EXECUTABLE_FOLDER_PATH)/MisakiSwiftTest";
			};
			name = Debug;
		};
		524BB47A2E489FB300132B5F /* Release */ = {
			isa = XCBuildConfiguration;
			buildSettings = {
				BUNDLE_LOADER = "$(TEST_HOST)";
				CODE_SIGN_STYLE = Automatic;
				CURRENT_PROJECT_VERSION = 1;
				DEVELOPMENT_TEAM = AJS2926A69;
				GENERATE_INFOPLIST_FILE = YES;
				IPHONEOS_DEPLOYMENT_TARGET = 18.5;
				MARKETING_VERSION = 1.0;
				PRODUCT_BUNDLE_IDENTIFIER = com.lm.MisakiSwiftTestTests;
				PRODUCT_NAME = "$(TARGET_NAME)";
				SWIFT_EMIT_LOC_STRINGS = NO;
				SWIFT_VERSION = 5.0;
				TARGETED_DEVICE_FAMILY = "1,2";
				TEST_HOST = "$(BUILT_PRODUCTS_DIR)/MisakiSwiftTest.app/$(BUNDLE_EXECUTABLE_FOLDER_PATH)/MisakiSwiftTest";
			};
			name = Release;
		};
		524BB47C2E489FB300132B5F /* Debug */ = {
			isa = XCBuildConfiguration;
			buildSettings = {
				CODE_SIGN_STYLE = Automatic;
				CURRENT_PROJECT_VERSION = 1;
				DEVELOPMENT_TEAM = AJS2926A69;
				GENERATE_INFOPLIST_FILE = YES;
				MARKETING_VERSION = 1.0;
				PRODUCT_BUNDLE_IDENTIFIER = com.lm.MisakiSwiftTestUITests;
				PRODUCT_NAME = "$(TARGET_NAME)";
				SWIFT_EMIT_LOC_STRINGS = NO;
				SWIFT_VERSION = 5.0;
				TARGETED_DEVICE_FAMILY = "1,2";
				TEST_TARGET_NAME = MisakiSwiftTest;
			};
			name = Debug;
		};
		524BB47D2E489FB300132B5F /* Release */ = {
			isa = XCBuildConfiguration;
			buildSettings = {
				CODE_SIGN_STYLE = Automatic;
				CURRENT_PROJECT_VERSION = 1;
				DEVELOPMENT_TEAM = AJS2926A69;
				GENERATE_INFOPLIST_FILE = YES;
				MARKETING_VERSION = 1.0;
				PRODUCT_BUNDLE_IDENTIFIER = com.lm.MisakiSwiftTestUITests;
				PRODUCT_NAME = "$(TARGET_NAME)";
				SWIFT_EMIT_LOC_STRINGS = NO;
				SWIFT_VERSION = 5.0;
				TARGETED_DEVICE_FAMILY = "1,2";
				TEST_TARGET_NAME = MisakiSwiftTest;
			};
			name = Release;
		};
/* End XCBuildConfiguration section */

/* Begin XCConfigurationList section */
		524BB44F2E489FB200132B5F /* Build configuration list for PBXProject "MisakiSwiftTest" */ = {
			isa = XCConfigurationList;
			buildConfigurations = (
				524BB4732E489FB300132B5F /* Debug */,
				524BB4742E489FB300132B5F /* Release */,
			);
			defaultConfigurationIsVisible = 0;
			defaultConfigurationName = Release;
		};
		524BB4752E489FB300132B5F /* Build configuration list for PBXNativeTarget "MisakiSwiftTest" */ = {
			isa = XCConfigurationList;
			buildConfigurations = (
				524BB4762E489FB300132B5F /* Debug */,
				524BB4772E489FB300132B5F /* Release */,
			);
			defaultConfigurationIsVisible = 0;
			defaultConfigurationName = Release;
		};
		524BB4782E489FB300132B5F /* Build configuration list for PBXNativeTarget "MisakiSwiftTestTests" */ = {
			isa = XCConfigurationList;
			buildConfigurations = (
				524BB4792E489FB300132B5F /* Debug */,
				524BB47A2E489FB300132B5F /* Release */,
			);
			defaultConfigurationIsVisible = 0;
			defaultConfigurationName = Release;
		};
		524BB47B2E489FB300132B5F /* Build configuration list for PBXNativeTarget "MisakiSwiftTestUITests" */ = {
			isa = XCConfigurationList;
			buildConfigurations = (
				524BB47C2E489FB300132B5F /* Debug */,
				524BB47D2E489FB300132B5F /* Release */,
			);
			defaultConfigurationIsVisible = 0;
			defaultConfigurationName = Release;
		};
/* End XCConfigurationList section */

/* Begin XCRemoteSwiftPackageReference section */
		526594142E80343B00B5684A /* XCRemoteSwiftPackageReference "mlx-swift" */ = {
			isa = XCRemoteSwiftPackageReference;
			repositoryURL = "https://github.com/ml-explore/mlx-swift.git";
			requirement = {
				kind = upToNextMajorVersion;
				minimumVersion = 0.25.6;
			};
		};
/* End XCRemoteSwiftPackageReference section */

/* Begin XCSwiftPackageProductDependency section */
		526594152E80343B00B5684A /* MLX */ = {
			isa = XCSwiftPackageProductDependency;
			package = 526594142E80343B00B5684A /* XCRemoteSwiftPackageReference "mlx-swift" */;
			productName = MLX;
		};
		526594172E80343B00B5684A /* MLXNN */ = {
			isa = XCSwiftPackageProductDependency;
			package = 526594142E80343B00B5684A /* XCRemoteSwiftPackageReference "mlx-swift" */;
			productName = MLXNN;
		};
		526594192E80343B00B5684A /* MLXRandom */ = {
			isa = XCSwiftPackageProductDependency;
			package = 526594142E80343B00B5684A /* XCRemoteSwiftPackageReference "mlx-swift" */;
			productName = MLXRandom;
		};
/* End XCSwiftPackageProductDependency section */
	};
	rootObject = 524BB44C2E489FB200132B5F /* Project object */;
}
